
Microsoft Visual Studio Solution File, Format Version 12.00
# Visual Studio Version 17
VisualStudioVersion = 17.0.31912.275
MinimumVisualStudioVersion = 10.0.40219.1
Project("{FAE04EC0-301F-11D3-BF4B-00C04F79EFBC}") = "FoaasClient", "FoaasClient\FoaasClient.csproj", "{EA922ECE-B6F5-4E48-8467-490E649655E5}"
EndProject
Project("{FAE04EC0-301F-11D3-BF4B-00C04F79EFBC}") = "FoaasClient.Tests", "FoaasClient.Tests\FoaasClient.Tests.csproj", "{3FC5C2B1-16EF-423B-A456-FD0133A27F5F}"
EndProject
Global
	GlobalSection(SolutionConfigurationPlatforms) = preSolution
		Debug|Any CPU = Debug|Any CPU
		Release|Any CPU = Release|Any CPU
	EndGlobalSection
	GlobalSection(ProjectConfigurationPlatforms) = postSolution
		{EA922ECE-B6F5-4E48-8467-490E649655E5}.Debug|Any CPU.ActiveCfg = Debug|Any CPU
		{EA922ECE-B6F5-4E48-8467-490E649655E5}.Debug|Any CPU.Build.0 = Debug|Any CPU
		{EA922ECE-B6F5-4E48-8467-490E649655E5}.Release|Any CPU.ActiveCfg = Release|Any CPU
		{EA922ECE-B6F5-4E48-8467-490E649655E5}.Release|Any CPU.Build.0 = Release|Any CPU
		{3FC5C2B1-16EF-423B-A456-FD0133A27F5F}.Debug|Any CPU.ActiveCfg = Debug|Any CPU
		{3FC5C2B1-16EF-423B-A456-FD0133A27F5F}.Debug|Any CPU.Build.0 = Debug|Any CPU
		{3FC5C2B1-16EF-423B-A456-FD0133A27F5F}.Release|Any CPU.ActiveCfg = Release|Any CPU
		{3FC5C2B1-16EF-423B-A456-FD0133A27F5F}.Release|Any CPU.Build.0 = Release|Any CPU
	EndGlobalSection
	GlobalSection(SolutionProperties) = preSolution
		HideSolutionNode = FALSE
	EndGlobalSection
	GlobalSection(ExtensibilityGlobals) = postSolution
		SolutionGuid = {293B5A47-9BB6-4B6B-B025-40EE48F4544B}
	EndGlobalSection
EndGlobal
